
Microsoft Visual Studio Solution File, Format Version 12.00
# Visual Studio Version 17
VisualStudioVersion = 17.8.34525.116
MinimumVisualStudioVersion = 10.0.40219.1
Project("{9A19103F-16F7-4668-BE54-9A1E7A4F7556}") = "UnrealRepacker", "UnrealRepacker.csproj", "{118803B7-EEC3-43E1-A9AD-894F1133A609}"
	ProjectSection(ProjectDependencies) = postProject
		{178417EC-1177-413E-BE85-C83AECD64279} = {178417EC-1177-413E-BE85-C83AECD64279}
	EndProjectSection
EndProject
Project("{9A19103F-16F7-4668-BE54-9A1E7A4F7556}") = "UAssetAPI", "..\UAssetAPI\UAssetAPI\UAssetAPI.csproj", "{178417EC-1177-413E-BE85-C83AECD64279}"
EndProject
Global
	GlobalSection(SolutionConfigurationPlatforms) = preSolution
		Debug Verbose|Any CPU = Debug Verbose|Any CPU
		Debug|Any CPU = Debug|Any CPU
		Release|Any CPU = Release|Any CPU
	EndGlobalSection
	GlobalSection(ProjectConfigurationPlatforms) = postSolution
		{118803B7-EEC3-43E1-A9AD-894F1133A609}.Debug Verbose|Any CPU.ActiveCfg = Debug|Any CPU
		{118803B7-EEC3-43E1-A9AD-894F1133A609}.Debug Verbose|Any CPU.Build.0 = Debug|Any CPU
		{118803B7-EEC3-43E1-A9AD-894F1133A609}.Debug|Any CPU.ActiveCfg = Debug|Any CPU
		{118803B7-EEC3-43E1-A9AD-894F1133A609}.Debug|Any CPU.Build.0 = Debug|Any CPU
		{118803B7-EEC3-43E1-A9AD-894F1133A609}.Release|Any CPU.ActiveCfg = Release|Any CPU
		{118803B7-EEC3-43E1-A9AD-894F1133A609}.Release|Any CPU.Build.0 = Release|Any CPU
		{178417EC-1177-413E-BE85-C83AECD64279}.Debug Verbose|Any CPU.ActiveCfg = Debug Verbose|Any CPU
		{178417EC-1177-413E-BE85-C83AECD64279}.Debug Verbose|Any CPU.Build.0 = Debug Verbose|Any CPU
		{178417EC-1177-413E-BE85-C83AECD64279}.Debug|Any CPU.ActiveCfg = Debug|Any CPU
		{178417EC-1177-413E-BE85-C83AECD64279}.Debug|Any CPU.Build.0 = Debug|Any CPU
		{178417EC-1177-413E-BE85-C83AECD64279}.Release|Any CPU.ActiveCfg = Release|Any CPU
		{178417EC-1177-413E-BE85-C83AECD64279}.Release|Any CPU.Build.0 = Release|Any CPU
	EndGlobalSection
	GlobalSection(SolutionProperties) = preSolution
		HideSolutionNode = FALSE
	EndGlobalSection
	GlobalSection(ExtensibilityGlobals) = postSolution
		SolutionGuid = {C94CCB8D-3A99-4E42-A2F2-AAF551E96458}
	EndGlobalSection
EndGlobal
